
Microsoft Visual Studio Solution File, Format Version 12.00
# Visual Studio Version 16
VisualStudioVersion = 16.0.29613.14
MinimumVisualStudioVersion = 10.0.40219.1
Project("{FAE04EC0-301F-11D3-BF4B-00C04F79EFBC}") = "PRSNetWeb", "PRSNetWeb\PRSNetWeb.csproj", "{FD88FFBD-5C7E-431F-ADE5-BA5DA38D4813}"
EndProject
Global
	GlobalSection(SolutionConfigurationPlatforms) = preSolution
		Debug|Any CPU = Debug|Any CPU
		Release|Any CPU = Release|Any CPU
	EndGlobalSection
	GlobalSection(ProjectConfigurationPlatforms) = postSolution
		{FD88FFBD-5C7E-431F-ADE5-BA5DA38D4813}.Debug|Any CPU.ActiveCfg = Debug|Any CPU
		{FD88FFBD-5C7E-431F-ADE5-BA5DA38D4813}.Debug|Any CPU.Build.0 = Debug|Any CPU
		{FD88FFBD-5C7E-431F-ADE5-BA5DA38D4813}.Release|Any CPU.ActiveCfg = Release|Any CPU
		{FD88FFBD-5C7E-431F-ADE5-BA5DA38D4813}.Release|Any CPU.Build.0 = Release|Any CPU
	EndGlobalSection
	GlobalSection(SolutionProperties) = preSolution
		HideSolutionNode = FALSE
	EndGlobalSection
	GlobalSection(ExtensibilityGlobals) = postSolution
		SolutionGuid = {B4653B1B-72E4-4F2F-A919-824A8FEC3CAF}
	EndGlobalSection
EndGlobal
